
Microsoft Visual Studio Solution File, Format Version 12.00
# Visual Studio Version 16
VisualStudioVersion = 16.0.29905.134
MinimumVisualStudioVersion = 10.0.40219.1
Project("{2150E333-8FDC-42A3-9474-1A3956D46DE8}") = "Source", "Source", "{83CD5BE7-F324-49CE-AC80-D1ACA91A61E1}"
EndProject
Project("{FAE04EC0-301F-11D3-BF4B-00C04F79EFBC}") = "TagPlugin.Example", "TagPlugin.Example\TagPlugin.Example.csproj", "{4BF46222-A93F-41E9-9105-5C53DC42E381}"
EndProject
Global
	GlobalSection(SolutionConfigurationPlatforms) = preSolution
		Debug|Any CPU = Debug|Any CPU
		Release|Any CPU = Release|Any CPU
	EndGlobalSection
	GlobalSection(ProjectConfigurationPlatforms) = postSolution
		{4BF46222-A93F-41E9-9105-5C53DC42E381}.Debug|Any CPU.ActiveCfg = Debug|Any CPU
		{4BF46222-A93F-41E9-9105-5C53DC42E381}.Debug|Any CPU.Build.0 = Debug|Any CPU
		{4BF46222-A93F-41E9-9105-5C53DC42E381}.Release|Any CPU.ActiveCfg = Release|Any CPU
		{4BF46222-A93F-41E9-9105-5C53DC42E381}.Release|Any CPU.Build.0 = Release|Any CPU
	EndGlobalSection
	GlobalSection(SolutionProperties) = preSolution
		HideSolutionNode = FALSE
	EndGlobalSection
	GlobalSection(NestedProjects) = preSolution
		{4BF46222-A93F-41E9-9105-5C53DC42E381} = {83CD5BE7-F324-49CE-AC80-D1ACA91A61E1}
	EndGlobalSection
	GlobalSection(ExtensibilityGlobals) = postSolution
		SolutionGuid = {880385E8-A97A-4AD1-BA50-669993BC6C44}
	EndGlobalSection
EndGlobal
